{
  "name": "@codex-cursor-bridge/cli",
  "version": "0.1.0",
  "lockfileVersion": 3,
  "requires": true,
  "packages": {
    "": {
      "name": "@codex-cursor-bridge/cli",
      "version": "0.1.0",
      "cpu": [
        "x64",
        "arm64"
      ],
      "license": "MIT",
      "os": [
        "darwin",
        "linux",
        "win32"
      ],
      "bin": {
        "codex-cursor-bridge": "bin/codex-cursor-bridge.mjs"
      },
      "engines": {
        "node": ">=20.0.0",
        "npm": ">=9.0.0"
      }
    }
  }
}
